amqp==1.4.9
anyjson==0.3.3
backports-abc==0.4
backports.ssl-match-hostname==3.5.0.1
billiard==3.3.0.23
boto3==1.3.1
botocore==1.4.38
celery==3.1.23
certifi==2016.2.28
cffi==1.7.0
closure==20160517
coverage==4.1
cryptography==1.4
decorator==4.0.10
Django==1.8.14
django-angular==0.8.2
django-assets==0.11
django-classy-settings==1.1.7
django-debreach==1.3.0
django-debug-toolbar==1.4
django-statsd-mozilla==0.3.16
djangorestframework==3.4.0
djangosaml2==0.14.4
djoser==0.5.0
docutils==0.12
dropbox==6.5.0
enum34==1.1.6
factory-boy==2.7.0
fake-factory==0.5.9
funcsigs==1.0.2
future==0.15.2
futures==3.0.5
google-api-python-client==1.5.1
honcho==0.7.1
httplib2==0.9.2
idna==2.1
ipaddress==1.0.16
jmespath==0.9.0
kombu==3.0.35
logstash-formatter==0.5.15
mock==2.0.0
ndg-httpsclient==0.4.2
oauth2client==2.2.0
Paste==2.0.3
pbr==1.10.0
#pkg-resources==0.0.0
#psycopg2==2.6.2
py==1.4.31
py-bcrypt==0.4
pyasn1==0.1.9
pyasn1-modules==0.0.8
pycparser==2.14
pycryptodomex==3.4.2
PyDrive==1.0.1
pyOpenSSL==16.0.0
pysaml2==4.0.5
pytest==2.9.2
pytest-cov==2.3.0
pytest-django==2.9.1
python-dateutil==2.5.3
python-memcached==1.48
pytz==2016.6.1
PyYAML==3.11
redis==2.10.5
repoze.who==2.3
requests==2.10.0
rsa==3.4.2
simplejson==3.8.2
singledispatch==3.4.0.3
six==1.10.0
sockjs-tornado==1.0.3
sqlparse==0.2.0
statsd==3.2.1
tornado==4.4
tornado-redis==2.4.18
uritemplate==0.6
urllib3==1.16
webassets==0.11
WebOb==1.6.1
yuicompressor==2.4.8
zope.interface==4.2.0
